{
  "version": 4,
  "terraform_version": "1.12.2",
  "serial": 5,
  "lineage": "0a4ebb78-f281-c756-fc9c-01cf02a7bef0",
  "outputs": {
    "application_url": {
      "value": "http://18.191.203.42:8080",
      "type": "string"
    },
    "instance_id": {
      "value": "i-0097fe46687b632b1",
      "type": "string"
    },
    "instance_public_dns": {
      "value": "ec2-18-191-203-42.us-east-2.compute.amazonaws.com",
      "type": "string"
    },
    "instance_public_ip": {
      "value": "18.191.203.42",
      "type": "string"
    },
    "ssh_connection": {
      "value": "ssh -i /root/.ssh/ec2 ubuntu@18.191.203.42",
      "type": "string"
    }
  },
  "resources": [
    {
      "mode": "data",
      "type": "aws_ami",
      "name": "ubuntu",
      "provider": "provider[\"registry.terraform.io/hashicorp/aws\"]",
      "instances": [
        {
          "schema_version": 0,
          "attributes": {
            "allow_unsafe_filter": null,
            "architecture": "x86_64",
            "arn": "arn:aws:ec2:us-east-2::image/ami-0911fd09f1f167a99",
            "block_device_mappings": [
              {
                "device_name": "/dev/sda1",
                "ebs": {
                  "delete_on_termination": "true",
                  "encrypted": "false",
                  "iops": "0",
                  "snapshot_id": "snap-09ba34e3634ee6dc5",
                  "throughput": "0",
                  "volume_initialization_rate": "0",
                  "volume_size": "8",
                  "volume_type": "gp2"
                },
                "no_device": "",
                "virtual_name": ""
              },
              {
                "device_name": "/dev/sdb",
                "ebs": {},
                "no_device": "",
                "virtual_name": "ephemeral0"
              },
              {
                "device_name": "/dev/sdc",
                "ebs": {},
                "no_device": "",
                "virtual_name": "ephemeral1"
              }
            ],
            "boot_mode": "uefi-preferred",
            "creation_date": "2025-11-11T07:04:09.000Z",
            "deprecation_time": "2027-11-11T07:04:09.000Z",
            "description": "Canonical, Ubuntu, 22.04, amd64 jammy image",
            "ena_support": true,
            "executable_users": null,
            "filter": [
              {
                "name": "name",
                "values": [
                  "ubuntu/images/hvm-ssd*/ubuntu-*-22.04-amd64-server-*"
                ]
              },
              {
                "name": "virtualization-type",
                "values": [
                  "hvm"
                ]
              }
            ],
            "hypervisor": "xen",
            "id": "ami-0911fd09f1f167a99",
            "image_id": "ami-0911fd09f1f167a99",
            "image_location": "amazon/ubuntu/images/hvm-ssd/ubuntu-jammy-22.04-amd64-server-20251111",
            "image_owner_alias": "amazon",
            "image_type": "machine",
            "imds_support": "",
            "include_deprecated": false,
            "kernel_id": "",
            "last_launched_time": "",
            "most_recent": true,
            "name": "ubuntu/images/hvm-ssd/ubuntu-jammy-22.04-amd64-server-20251111",
            "name_regex": null,
            "owner_id": "099720109477",
            "owners": [
              "099720109477"
            ],
            "platform": "",
            "platform_details": "Linux/UNIX",
            "product_codes": [],
            "public": true,
            "ramdisk_id": "",
            "region": "us-east-2",
            "root_device_name": "/dev/sda1",
            "root_device_type": "ebs",
            "root_snapshot_id": "snap-09ba34e3634ee6dc5",
            "sriov_net_support": "simple",
            "state": "available",
            "state_reason": {
              "code": "UNSET",
              "message": "UNSET"
            },
            "tags": {},
            "timeouts": null,
            "tpm_support": "",
            "uefi_data": null,
            "usage_operation": "RunInstances",
            "virtualization_type": "hvm"
          },
          "sensitive_attributes": [],
          "identity_schema_version": 0
        }
      ]
    },
    {
      "mode": "data",
      "type": "aws_subnets",
      "name": "default",
      "provider": "provider[\"registry.terraform.io/hashicorp/aws\"]",
      "instances": [
        {
          "schema_version": 0,
          "attributes": {
            "filter": [
              {
                "name": "vpc-id",
                "values": [
                  "vpc-026c6ae90835ea65b"
                ]
              }
            ],
            "id": "us-east-2",
            "ids": [
              "subnet-089d857cd5e71079d",
              "subnet-0305931b1f2f48c85",
              "subnet-01224a57e4609711a"
            ],
            "region": "us-east-2",
            "tags": null,
            "timeouts": null
          },
          "sensitive_attributes": [],
          "identity_schema_version": 0
        }
      ]
    },
    {
      "mode": "data",
      "type": "aws_vpc",
      "name": "default",
      "provider": "provider[\"registry.terraform.io/hashicorp/aws\"]",
      "instances": [
        {
          "schema_version": 0,
          "attributes": {
            "arn": "arn:aws:ec2:us-east-2:775016755362:vpc/vpc-026c6ae90835ea65b",
            "cidr_block": "172.31.0.0/16",
            "cidr_block_associations": [
              {
                "association_id": "vpc-cidr-assoc-0e4d342beda75747f",
                "cidr_block": "172.31.0.0/16",
                "state": "associated"
              }
            ],
            "default": true,
            "dhcp_options_id": "dopt-054ab838b46f4b104",
            "enable_dns_hostnames": true,
            "enable_dns_support": true,
            "enable_network_address_usage_metrics": false,
            "filter": null,
            "id": "vpc-026c6ae90835ea65b",
            "instance_tenancy": "default",
            "ipv6_association_id": "",
            "ipv6_cidr_block": "",
            "main_route_table_id": "rtb-060c638b7a4e4b4bc",
            "owner_id": "775016755362",
            "region": "us-east-2",
            "state": null,
            "tags": {},
            "timeouts": null
          },
          "sensitive_attributes": [],
          "identity_schema_version": 0
        }
      ]
    },
    {
      "mode": "managed",
      "type": "aws_instance",
      "name": "todoing_server",
      "provider": "provider[\"registry.terraform.io/hashicorp/aws\"]",
      "instances": [
        {
          "schema_version": 2,
          "attributes": {
            "ami": "ami-0911fd09f1f167a99",
            "arn": "arn:aws:ec2:us-east-2:775016755362:instance/i-0097fe46687b632b1",
            "associate_public_ip_address": true,
            "availability_zone": "us-east-2c",
            "capacity_reservation_specification": [
              {
                "capacity_reservation_preference": "open",
                "capacity_reservation_target": []
              }
            ],
            "cpu_options": [
              {
                "amd_sev_snp": "",
                "core_count": 1,
                "threads_per_core": 2
              }
            ],
            "credit_specification": [
              {
                "cpu_credits": "unlimited"
              }
            ],
            "disable_api_stop": false,
            "disable_api_termination": false,
            "ebs_block_device": [],
            "ebs_optimized": false,
            "enable_primary_ipv6": null,
            "enclave_options": [
              {
                "enabled": false
              }
            ],
            "ephemeral_block_device": [],
            "force_destroy": false,
            "get_password_data": false,
            "hibernation": false,
            "host_id": "",
            "host_resource_group_arn": null,
            "iam_instance_profile": "",
            "id": "i-0097fe46687b632b1",
            "instance_initiated_shutdown_behavior": "stop",
            "instance_lifecycle": "",
            "instance_market_options": [],
            "instance_state": "running",
            "instance_type": "t3.micro",
            "ipv6_address_count": 0,
            "ipv6_addresses": [],
            "key_name": "todoing-key",
            "launch_template": [],
            "maintenance_options": [
              {
                "auto_recovery": "default"
              }
            ],
            "metadata_options": [
              {
                "http_endpoint": "enabled",
                "http_protocol_ipv6": "disabled",
                "http_put_response_hop_limit": 1,
                "http_tokens": "optional",
                "instance_metadata_tags": "disabled"
              }
            ],
            "monitoring": false,
            "network_interface": [],
            "outpost_arn": "",
            "password_data": "",
            "placement_group": "",
            "placement_group_id": "",
            "placement_partition_number": 0,
            "primary_network_interface": [
              {
                "delete_on_termination": true,
                "network_interface_id": "eni-0456e93f42e80a452"
              }
            ],
            "primary_network_interface_id": "eni-0456e93f42e80a452",
            "private_dns": "ip-172-31-42-139.us-east-2.compute.internal",
            "private_dns_name_options": [
              {
                "enable_resource_name_dns_a_record": false,
                "enable_resource_name_dns_aaaa_record": false,
                "hostname_type": "ip-name"
              }
            ],
            "private_ip": "172.31.42.139",
            "public_dns": "ec2-18-191-203-42.us-east-2.compute.amazonaws.com",
            "public_ip": "18.191.203.42",
            "region": "us-east-2",
            "root_block_device": [
              {
                "delete_on_termination": true,
                "device_name": "/dev/sda1",
                "encrypted": false,
                "iops": 3000,
                "kms_key_id": "",
                "tags": null,
                "tags_all": {},
                "throughput": 125,
                "volume_id": "vol-0b098b41be8bee8d0",
                "volume_size": 20,
                "volume_type": "gp3"
              }
            ],
            "secondary_private_ips": [],
            "security_groups": [
              "todoing-security-group"
            ],
            "source_dest_check": true,
            "spot_instance_request_id": "",
            "subnet_id": "subnet-01224a57e4609711a",
            "tags": {
              "Environment": "production",
              "ManagedBy": "Terraform",
              "Name": "todoing-server",
              "Project": "ToDoing"
            },
            "tags_all": {
              "Environment": "production",
              "ManagedBy": "Terraform",
              "Name": "todoing-server",
              "Project": "ToDoing"
            },
            "tenancy": "default",
            "timeouts": null,
            "user_data": "#!/bin/bash\napt-get update\napt-get install -y python3 python3-pip\n",
            "user_data_base64": null,
            "user_data_replace_on_change": false,
            "volume_tags": null,
            "vpc_security_group_ids": [
              "sg-0fb685f628487a7c3"
            ]
          },
          "sensitive_attributes": [],
          "identity_schema_version": 0,
          "identity": {
            "account_id": "775016755362",
            "id": "i-0097fe46687b632b1",
            "region": "us-east-2"
          },
          "private": "eyJlMmJmYjczMC1lY2FhLTExZTYtOGY4OC0zNDM2M2JjN2M0YzAiOnsiY3JlYXRlIjo2MDAwMDAwMDAwMDAsImRlbGV0ZSI6MTIwMDAwMDAwMDAwMCwicmVhZCI6OTAwMDAwMDAwMDAwLCJ1cGRhdGUiOjYwMDAwMDAwMDAwMH0sInNjaGVtYV92ZXJzaW9uIjoiMiJ9",
          "dependencies": [
            "aws_key_pair.todoing_key",
            "aws_security_group.todoing_sg",
            "data.aws_ami.ubuntu",
            "data.aws_vpc.default"
          ]
        }
      ]
    },
    {
      "mode": "managed",
      "type": "aws_key_pair",
      "name": "todoing_key",
      "provider": "provider[\"registry.terraform.io/hashicorp/aws\"]",
      "instances": [
        {
          "schema_version": 1,
          "attributes": {
            "arn": "arn:aws:ec2:us-east-2:775016755362:key-pair/todoing-key",
            "fingerprint": "5f:9c:de:8d:7f:ea:b1:a7:a7:01:90:b3:e8:ea:97:5f",
            "id": "todoing-key",
            "key_name": "todoing-key",
            "key_name_prefix": "",
            "key_pair_id": "key-0f697f52e0382e6a3",
            "key_type": "rsa",
            "public_key": "ssh-rsa AAAAB3NzaC1yc2EAAAADAQABAAACAQCd4ZE+LYU30byk8Et0uclXiueOa172rWqxqOseRokkAgTCleHMzsZGo1v86KxtMV3nSbOurTeoVuhSZo8POZB4yR6BUCbyoxf7HMJrQWPjC5sblUKqJBFMmd+pzDMEm+gpvNXby8TpAoB0Q7abkJB0/LYz134aIzcsb+1hwRaAkenj3BallcYUJll3P4Q+Ct7WCgDqt3jk7/6fuTH9vMSA7wS+Yle/sQ9R0Hap2yLO8XhBo4oUzjg4bbDouaQ8lkoGPn7d351Sa6rABMjuS9sbgkIoeHq23893oAiD9Y9ap9YM4DueXdBTvKjrnjAyaQJwdeJ1D38+furJCST+wAuEBQdChSVKeXFnm1yF0iyLaamXIk7p2aV8K8UvAOiVG42tKKlcEYEn5JupBdB+gjvrEhARnAz5PVkYlkoVVHbuhW3TK2TwG9oAlaoEKzhC/En4AoK+odQsRz19/JwjwXNf6r5dnJ4gxKFnQ9vKaTrUrD6EoKW0jkNfFb2C8gEuT9s9TysUVPLAb4oBYSPxICjpkw98ozoEkCiZEnKB7ffWd92SIpPbQxHwuEXRJLzIreYm9f6qPn0CKA1/YM0wmfzLfV0fibLoIHfnFvK6UyiTaNHrzaLbKs7UwuUvJGhLtalLNRitMMnL9cKIZ4bxTADwwyrLa5f7/egJ20kDMTvDAQ== root@DESKTOP-6BH3AFG",
            "region": "us-east-2",
            "tags": {
              "Environment": "production",
              "Name": "todoing-key"
            },
            "tags_all": {
              "Environment": "production",
              "Name": "todoing-key"
            }
          },
          "sensitive_attributes": [],
          "identity_schema_version": 0,
          "private": "eyJzY2hlbWFfdmVyc2lvbiI6IjEifQ=="
        }
      ]
    },
    {
      "mode": "managed",
      "type": "aws_security_group",
      "name": "todoing_sg",
      "provider": "provider[\"registry.terraform.io/hashicorp/aws\"]",
      "instances": [
        {
          "schema_version": 1,
          "attributes": {
            "arn": "arn:aws:ec2:us-east-2:775016755362:security-group/sg-0fb685f628487a7c3",
            "description": "Security group for ToDoing application",
            "egress": [
              {
                "cidr_blocks": [
                  "0.0.0.0/0"
                ],
                "description": "",
                "from_port": 0,
                "ipv6_cidr_blocks": [],
                "prefix_list_ids": [],
                "protocol": "-1",
                "security_groups": [],
                "self": false,
                "to_port": 0
              }
            ],
            "id": "sg-0fb685f628487a7c3",
            "ingress": [
              {
                "cidr_blocks": [
                  "0.0.0.0/0"
                ],
                "description": "Application Port",
                "from_port": 8080,
                "ipv6_cidr_blocks": [],
                "prefix_list_ids": [],
                "protocol": "tcp",
                "security_groups": [],
                "self": false,
                "to_port": 8080
              },
              {
                "cidr_blocks": [
                  "0.0.0.0/0"
                ],
                "description": "HTTP",
                "from_port": 80,
                "ipv6_cidr_blocks": [],
                "prefix_list_ids": [],
                "protocol": "tcp",
                "security_groups": [],
                "self": false,
                "to_port": 80
              },
              {
                "cidr_blocks": [
                  "0.0.0.0/0"
                ],
                "description": "MongoDB",
                "from_port": 27017,
                "ipv6_cidr_blocks": [],
                "prefix_list_ids": [],
                "protocol": "tcp",
                "security_groups": [],
                "self": false,
                "to_port": 27017
              },
              {
                "cidr_blocks": [
                  "0.0.0.0/0"
                ],
                "description": "SSH",
                "from_port": 22,
                "ipv6_cidr_blocks": [],
                "prefix_list_ids": [],
                "protocol": "tcp",
                "security_groups": [],
                "self": false,
                "to_port": 22
              }
            ],
            "name": "todoing-security-group",
            "name_prefix": "",
            "owner_id": "775016755362",
            "region": "us-east-2",
            "revoke_rules_on_delete": false,
            "tags": {
              "Environment": "production",
              "Name": "todoing-sg",
              "Project": "ToDoing"
            },
            "tags_all": {
              "Environment": "production",
              "Name": "todoing-sg",
              "Project": "ToDoing"
            },
            "timeouts": null,
            "vpc_id": "vpc-026c6ae90835ea65b"
          },
          "sensitive_attributes": [],
          "identity_schema_version": 0,
          "identity": {
            "account_id": "775016755362",
            "id": "sg-0fb685f628487a7c3",
            "region": "us-east-2"
          },
          "private": "eyJlMmJmYjczMC1lY2FhLTExZTYtOGY4OC0zNDM2M2JjN2M0YzAiOnsiY3JlYXRlIjo2MDAwMDAwMDAwMDAsImRlbGV0ZSI6OTAwMDAwMDAwMDAwfSwic2NoZW1hX3ZlcnNpb24iOiIxIn0=",
          "dependencies": [
            "data.aws_vpc.default"
          ]
        }
      ]
    },
    {
      "mode": "managed",
      "type": "local_file",
      "name": "ansible_inventory",
      "provider": "provider[\"registry.terraform.io/hashicorp/local\"]",
      "instances": [
        {
          "schema_version": 0,
          "attributes": {
            "content": "[todoing_servers]\n18.191.203.42\n\n[todoing_servers:vars]\nansible_user=ubuntu\nansible_ssh_private_key_file=/root/.ssh/ec2\nansible_python_interpreter=/usr/bin/python3",
            "content_base64": null,
            "content_base64sha256": "SH3XSO/a9kXLxpJUrjEahSbWATEX6t5KGWV8c0Il/jU=",
            "content_base64sha512": "HKNepdc0vk3pgRai9KGEww1faiOpGu3OFOpGEmhKiKurxIBsclvNDqC2OlHdHWq1WCWP6H2um+DnqdHObGG+JQ==",
            "content_md5": "cce89b3602e783bbad5eba01f8a15c5c",
            "content_sha1": "540dc42358a6a876c89b3f6d289bcb3bb453aab3",
            "content_sha256": "487dd748efdaf645cbc69254ae311a8526d6013117eade4a19657c734225fe35",
            "content_sha512": "1ca35ea5d734be4de98116a2f4a184c30d5f6a23a91aedce14ea4612684a88ababc4806c725bcd0ea0b63a51dd1d6ab558258fe87dae9be0e7a9d1ce6c61be25",
            "directory_permission": "0777",
            "file_permission": "0777",
            "filename": "./inventory.ini",
            "id": "540dc42358a6a876c89b3f6d289bcb3bb453aab3",
            "sensitive_content": null,
            "source": null
          },
          "sensitive_attributes": [
            [
              {
                "type": "get_attr",
                "value": "sensitive_content"
              }
            ]
          ],
          "identity_schema_version": 0,
          "dependencies": [
            "aws_instance.todoing_server",
            "aws_key_pair.todoing_key",
            "aws_security_group.todoing_sg",
            "data.aws_ami.ubuntu",
            "data.aws_vpc.default"
          ]
        }
      ]
    }
  ],
  "check_results": null
}
